PODS:
  - tealium-swift (2.0.0):
    - tealium-swift/TealiumFull (= 2.0.0)
  - tealium-swift/Core (2.0.0)
  - tealium-swift/TealiumCollect (2.0.0):
    - tealium-swift/Core
  - tealium-swift/TealiumFull (2.0.0)
  - tealium-swift/TealiumLifecycle (2.0.0):
    - tealium-swift/Core
  - tealium-swift/TealiumVisitorService (2.0.0):
    - tealium-swift/Core

DEPENDENCIES:
  - tealium-swift (from `../..`)
  - tealium-swift/Core (from `../..`)
  - tealium-swift/TealiumCollect (from `../..`)
  - tealium-swift/TealiumLifecycle (from `../..`)
  - tealium-swift/TealiumVisitorService (from `../..`)

EXTERNAL SOURCES:
  tealium-swift:
    :path: "../.."

EXTERNAL SOURCES:
  tealium-swift:
    :path: "../../"

SPEC CHECKSUMS:
  tealium-swift: e8d8d365af0b197075aed4cc2948fb18a1060545

PODFILE CHECKSUM: 975f2d2964aa8c74cf40d45007a0633539084734

COCOAPODS: 1.9.1
