{
  "object": {
    "pins": [
      {
        "package": "SwiftShell",
        "repositoryURL": "git@github.com:kareman/SwiftShell.git",
        "state": {
          "branch": "master",
          "revision": "fb7fc2c9ad8811caf324431a508fb79e3fb74f99",
          "version": null
        }
      }
    ]
  },
  "version": 1
}
